
Microsoft Visual Studio Solution File, Format Version 12.00
# Visual Studio Version 16
VisualStudioVersion = 16.0.30804.86
MinimumVisualStudioVersion = 10.0.40219.1
Project("{FAE04EC0-301F-11D3-BF4B-00C04F79EFBC}") = "DapperCRUD", "DapperCRUD\DapperCRUD.csproj", "{BE182A89-F1AC-4949-BD9B-70C0538A413F}"
EndProject
Project("{FAE04EC0-301F-11D3-BF4B-00C04F79EFBC}") = "DapperLib", "DapperLib\DapperLib.csproj", "{10979B5B-8273-44B6-AEF9-8EC023378EF5}"
EndProject
Global
	GlobalSection(SolutionConfigurationPlatforms) = preSolution
		Debug|Any CPU = Debug|Any CPU
		Release|Any CPU = Release|Any CPU
	EndGlobalSection
	GlobalSection(ProjectConfigurationPlatforms) = postSolution
		{BE182A89-F1AC-4949-BD9B-70C0538A413F}.Debug|Any CPU.ActiveCfg = Debug|Any CPU
		{BE182A89-F1AC-4949-BD9B-70C0538A413F}.Debug|Any CPU.Build.0 = Debug|Any CPU
		{BE182A89-F1AC-4949-BD9B-70C0538A413F}.Release|Any CPU.ActiveCfg = Release|Any CPU
		{BE182A89-F1AC-4949-BD9B-70C0538A413F}.Release|Any CPU.Build.0 = Release|Any CPU
		{10979B5B-8273-44B6-AEF9-8EC023378EF5}.Debug|Any CPU.ActiveCfg = Debug|Any CPU
		{10979B5B-8273-44B6-AEF9-8EC023378EF5}.Debug|Any CPU.Build.0 = Debug|Any CPU
		{10979B5B-8273-44B6-AEF9-8EC023378EF5}.Release|Any CPU.ActiveCfg = Release|Any CPU
		{10979B5B-8273-44B6-AEF9-8EC023378EF5}.Release|Any CPU.Build.0 = Release|Any CPU
	EndGlobalSection
	GlobalSection(SolutionProperties) = preSolution
		HideSolutionNode = FALSE
	EndGlobalSection
	GlobalSection(ExtensibilityGlobals) = postSolution
		SolutionGuid = {0A429EFC-8376-47E8-8872-4AA3D0980AF3}
	EndGlobalSection
EndGlobal
